
Microsoft Visual Studio Solution File, Format Version 12.00
# Visual Studio Version 16
VisualStudioVersion = 16.0.30114.105
MinimumVisualStudioVersion = 10.0.40219.1
Project("{2150E333-8FDC-42A3-9474-1A3956D46DE8}") = "src", "src", "{F160D84E-20CF-4F72-B707-E45C1464E8B4}"
EndProject
Project("{FAE04EC0-301F-11D3-BF4B-00C04F79EFBC}") = "AddToDB", "src\AddToDB\AddToDB.csproj", "{232D11D1-82D5-424D-B29C-EABD0AB0285A}"
EndProject
Global
	GlobalSection(SolutionConfigurationPlatforms) = preSolution
		Debug|Any CPU = Debug|Any CPU
		Debug|x64 = Debug|x64
		Debug|x86 = Debug|x86
		Release|Any CPU = Release|Any CPU
		Release|x64 = Release|x64
		Release|x86 = Release|x86
	EndGlobalSection
	GlobalSection(SolutionProperties) = preSolution
		HideSolutionNode = FALSE
	EndGlobalSection
	GlobalSection(ProjectConfigurationPlatforms) = postSolution
		{232D11D1-82D5-424D-B29C-EABD0AB0285A}.Debug|Any CPU.ActiveCfg = Debug|Any CPU
		{232D11D1-82D5-424D-B29C-EABD0AB0285A}.Debug|Any CPU.Build.0 = Debug|Any CPU
		{232D11D1-82D5-424D-B29C-EABD0AB0285A}.Debug|x64.ActiveCfg = Debug|Any CPU
		{232D11D1-82D5-424D-B29C-EABD0AB0285A}.Debug|x64.Build.0 = Debug|Any CPU
		{232D11D1-82D5-424D-B29C-EABD0AB0285A}.Debug|x86.ActiveCfg = Debug|Any CPU
		{232D11D1-82D5-424D-B29C-EABD0AB0285A}.Debug|x86.Build.0 = Debug|Any CPU
		{232D11D1-82D5-424D-B29C-EABD0AB0285A}.Release|Any CPU.ActiveCfg = Release|Any CPU
		{232D11D1-82D5-424D-B29C-EABD0AB0285A}.Release|Any CPU.Build.0 = Release|Any CPU
		{232D11D1-82D5-424D-B29C-EABD0AB0285A}.Release|x64.ActiveCfg = Release|Any CPU
		{232D11D1-82D5-424D-B29C-EABD0AB0285A}.Release|x64.Build.0 = Release|Any CPU
		{232D11D1-82D5-424D-B29C-EABD0AB0285A}.Release|x86.ActiveCfg = Release|Any CPU
		{232D11D1-82D5-424D-B29C-EABD0AB0285A}.Release|x86.Build.0 = Release|Any CPU
	EndGlobalSection
	GlobalSection(NestedProjects) = preSolution
		{232D11D1-82D5-424D-B29C-EABD0AB0285A} = {F160D84E-20CF-4F72-B707-E45C1464E8B4}
	EndGlobalSection
EndGlobal
